
Microsoft Visual Studio Solution File, Format Version 12.00
# Visual Studio Version 17
VisualStudioVersion = 17.8.34322.80
MinimumVisualStudioVersion = 10.0.40219.1
Project("{FAE04EC0-301F-11D3-BF4B-00C04F79EFBC}") = "PetStore", "PetStore.csproj", "{51221BD9-4901-4E5A-BE36-1BE46E5F3814}"
EndProject
Project("{FAE04EC0-301F-11D3-BF4B-00C04F79EFBC}") = "PetStore.Data", "..\PetStore.Data\PetStore.Data.csproj", "{96448E86-0005-418C-8918-BBF2177539F1}"
EndProject
Global
	GlobalSection(SolutionConfigurationPlatforms) = preSolution
		Debug|Any CPU = Debug|Any CPU
		Release|Any CPU = Release|Any CPU
	EndGlobalSection
	GlobalSection(ProjectConfigurationPlatforms) = postSolution
		{51221BD9-4901-4E5A-BE36-1BE46E5F3814}.Debug|Any CPU.ActiveCfg = Debug|Any CPU
		{51221BD9-4901-4E5A-BE36-1BE46E5F3814}.Debug|Any CPU.Build.0 = Debug|Any CPU
		{51221BD9-4901-4E5A-BE36-1BE46E5F3814}.Release|Any CPU.ActiveCfg = Release|Any CPU
		{51221BD9-4901-4E5A-BE36-1BE46E5F3814}.Release|Any CPU.Build.0 = Release|Any CPU
		{96448E86-0005-418C-8918-BBF2177539F1}.Debug|Any CPU.ActiveCfg = Debug|Any CPU
		{96448E86-0005-418C-8918-BBF2177539F1}.Debug|Any CPU.Build.0 = Debug|Any CPU
		{96448E86-0005-418C-8918-BBF2177539F1}.Release|Any CPU.ActiveCfg = Release|Any CPU
		{96448E86-0005-418C-8918-BBF2177539F1}.Release|Any CPU.Build.0 = Release|Any CPU
	EndGlobalSection
	GlobalSection(SolutionProperties) = preSolution
		HideSolutionNode = FALSE
	EndGlobalSection
	GlobalSection(ExtensibilityGlobals) = postSolution
		SolutionGuid = {7DF91B6C-C588-4D8F-AEA6-2D92540CC6DF}
	EndGlobalSection
EndGlobal
